
Microsoft Visual Studio Solution File, Format Version 12.00
# Visual Studio 14
VisualStudioVersion = 14.0.25123.0
MinimumVisualStudioVersion = 10.0.40219.1
Project("{FAE04EC0-301F-11D3-BF4B-00C04F79EFBC}") = "DesignPatternExamples", "DesignPatternExamples.csproj", "{A1F7FDA4-DCB8-4660-9A28-480600F7BF25}"
EndProject
Project("{FAE04EC0-301F-11D3-BF4B-00C04F79EFBC}") = "Mediator", "Mediator\Mediator.csproj", "{C2FB8F6C-DE1E-4FA0-9273-0CE2D70CFF55}"
EndProject
Project("{2150E333-8FDC-42A3-9474-1A3956D46DE8}") = "Command", "Command", "{C7F07D73-69D2-40E3-834E-ED75FB0FFFC2}"
EndProject
Project("{FAE04EC0-301F-11D3-BF4B-00C04F79EFBC}") = "SimpleCommand1", "..\SimpleCommand1\SimpleCommand1.csproj", "{98ECE612-BBD1-4575-9085-6C598B4A67BE}"
EndProject
Global
	GlobalSection(SolutionConfigurationPlatforms) = preSolution
		Debug|Any CPU = Debug|Any CPU
		Release|Any CPU = Release|Any CPU
	EndGlobalSection
	GlobalSection(ProjectConfigurationPlatforms) = postSolution
		{A1F7FDA4-DCB8-4660-9A28-480600F7BF25}.Debug|Any CPU.ActiveCfg = Debug|Any CPU
		{A1F7FDA4-DCB8-4660-9A28-480600F7BF25}.Debug|Any CPU.Build.0 = Debug|Any CPU
		{A1F7FDA4-DCB8-4660-9A28-480600F7BF25}.Release|Any CPU.ActiveCfg = Release|Any CPU
		{A1F7FDA4-DCB8-4660-9A28-480600F7BF25}.Release|Any CPU.Build.0 = Release|Any CPU
		{C2FB8F6C-DE1E-4FA0-9273-0CE2D70CFF55}.Debug|Any CPU.ActiveCfg = Debug|Any CPU
		{C2FB8F6C-DE1E-4FA0-9273-0CE2D70CFF55}.Debug|Any CPU.Build.0 = Debug|Any CPU
		{C2FB8F6C-DE1E-4FA0-9273-0CE2D70CFF55}.Release|Any CPU.ActiveCfg = Release|Any CPU
		{C2FB8F6C-DE1E-4FA0-9273-0CE2D70CFF55}.Release|Any CPU.Build.0 = Release|Any CPU
		{98ECE612-BBD1-4575-9085-6C598B4A67BE}.Debug|Any CPU.ActiveCfg = Debug|Any CPU
		{98ECE612-BBD1-4575-9085-6C598B4A67BE}.Debug|Any CPU.Build.0 = Debug|Any CPU
		{98ECE612-BBD1-4575-9085-6C598B4A67BE}.Release|Any CPU.ActiveCfg = Release|Any CPU
		{98ECE612-BBD1-4575-9085-6C598B4A67BE}.Release|Any CPU.Build.0 = Release|Any CPU
	EndGlobalSection
	GlobalSection(SolutionProperties) = preSolution
		HideSolutionNode = FALSE
	EndGlobalSection
	GlobalSection(NestedProjects) = preSolution
		{98ECE612-BBD1-4575-9085-6C598B4A67BE} = {C7F07D73-69D2-40E3-834E-ED75FB0FFFC2}
	EndGlobalSection
EndGlobal
